// !$*UTF8*$!
{
	archiveVersion = 1;
	classes = {
	};
	objectVersion = 50;
	objects = {

/* Begin PBXBuildFile section */
		FA30AE5D270C49FC0029992F /* Comment.swift in Sources */ = {isa = PBXBuildFile; fileRef = FA30AE5C270C49FC0029992F /* Comment.swift */; };
		FA353A532706C2EA00C25A9F /* CommentViewController.swift in Sources */ = {isa = PBXBuildFile; fileRef = FA353A522706C2EA00C25A9F /* CommentViewController.swift */; };
		FA3ED60426FDECE3008043A9 /* AppDelegate.swift in Sources */ = {isa = PBXBuildFile; fileRef = FA3ED60326FDECE3008043A9 /* AppDelegate.swift */; };
		FA3ED60626FDECE3008043A9 /* SceneDelegate.swift in Sources */ = {isa = PBXBuildFile; fileRef = FA3ED60526FDECE3008043A9 /* SceneDelegate.swift */; };
		FA3ED60826FDECE3008043A9 /* TableViewViewController.swift in Sources */ = {isa = PBXBuildFile; fileRef = FA3ED60726FDECE3008043A9 /* TableViewViewController.swift */; };
		FA3ED60B26FDECE3008043A9 /* Main.storyboard in Resources */ = {isa = PBXBuildFile; fileRef = FA3ED60926FDECE3008043A9 /* Main.storyboard */; };
		FA3ED60D26FDECE4008043A9 /* Assets.xcassets in Resources */ = {isa = PBXBuildFile; fileRef = FA3ED60C26FDECE4008043A9 /* Assets.xcassets */; };
		FA3ED61026FDECE4008043A9 /* LaunchScreen.storyboard in Resources */ = {isa = PBXBuildFile; fileRef = FA3ED60E26FDECE4008043A9 /* LaunchScreen.storyboard */; };
		FAFDCF3227055D2A0056C2EC /* MovieTableViewCell.swift in Sources */ = {isa = PBXBuildFile; fileRef = FAFDCF3127055D2A0056C2EC /* MovieTableViewCell.swift */; };
		FAFDCF36270561D30056C2EC /* Movies.swift in Sources */ = {isa = PBXBuildFile; fileRef = FAFDCF35270561D30056C2EC /* Movies.swift */; };
		FAFDCF452705875E0056C2EC /* MovieDetail.swift in Sources */ = {isa = PBXBuildFile; fileRef = FAFDCF442705875E0056C2EC /* MovieDetail.swift */; };
		FAFDCF482705892D0056C2EC /* MovieDetailViewController.swift in Sources */ = {isa = PBXBuildFile; fileRef = FAFDCF472705892D0056C2EC /* MovieDetailViewController.swift */; };
		FAFDCF50270598ED0056C2EC /* MovieInfoTableViewCell.swift in Sources */ = {isa = PBXBuildFile; fileRef = FAFDCF4F270598ED0056C2EC /* MovieInfoTableViewCell.swift */; };
		FAFDCF532705991B0056C2EC /* SynopsisTableViewCell.swift in Sources */ = {isa = PBXBuildFile; fileRef = FAFDCF522705991B0056C2EC /* SynopsisTableViewCell.swift */; };
		FAFDCF56270599700056C2EC /* DirectorTableViewCell.swift in Sources */ = {isa = PBXBuildFile; fileRef = FAFDCF55270599700056C2EC /* DirectorTableViewCell.swift */; };
		FAFDCF59270599820056C2EC /* CommentsTableViewCell.swift in Sources */ = {isa = PBXBuildFile; fileRef = FAFDCF58270599820056C2EC /* CommentsTableViewCell.swift */; };
		FAFDCF5C270599CF0056C2EC /* TitleTableViewCell.swift in Sources */ = {isa = PBXBuildFile; fileRef = FAFDCF5B270599CF0056C2EC /* TitleTableViewCell.swift */; };
		FAFDCF622705CF4F0056C2EC /* Comments.swift in Sources */ = {isa = PBXBuildFile; fileRef = FAFDCF612705CF4F0056C2EC /* Comments.swift */; };
		FAFDCF662705DCAB0056C2EC /* CollectionViewCell.swift in Sources */ = {isa = PBXBuildFile; fileRef = FAFDCF652705DCAB0056C2EC /* CollectionViewCell.swift */; };
		FAFDCF6A2705DD430056C2EC /* CollectionViewViewController.swift in Sources */ = {isa = PBXBuildFile; fileRef = FAFDCF692705DD430056C2EC /* CollectionViewViewController.swift */; };
		FAFDCF6E2705DF380056C2EC /* Request.swift in Sources */ = {isa = PBXBuildFile; fileRef = FAFDCF6D2705DF380056C2EC /* Request.swift */; };
/* End PBXBuildFile section */

/* Begin PBXFileReference section */
		FA30AE5C270C49FC0029992F /* Comment.swift */ = {isa = PBXFileReference; lastKnownFileType = sourcecode.swift; path = Comment.swift; sourceTree = "<group>"; };
		FA353A522706C2EA00C25A9F /* CommentViewController.swift */ = {isa = PBXFileReference; lastKnownFileType = sourcecode.swift; path = CommentViewController.swift; sourceTree = "<group>"; };
		FA3ED60026FDECE3008043A9 /* BoxOffice.app */ = {isa = PBXFileReference; explicitFileType = wrapper.application; includeInIndex = 0; path = BoxOffice.app; sourceTree = BUILT_PRODUCTS_DIR; };
		FA3ED60326FDECE3008043A9 /* AppDelegate.swift */ = {isa = PBXFileReference; lastKnownFileType = sourcecode.swift; path = AppDelegate.swift; sourceTree = "<group>"; };
		FA3ED60526FDECE3008043A9 /* SceneDelegate.swift */ = {isa = PBXFileReference; lastKnownFileType = sourcecode.swift; path = SceneDelegate.swift; sourceTree = "<group>"; };
		FA3ED60726FDECE3008043A9 /* TableViewViewController.swift */ = {isa = PBXFileReference; lastKnownFileType = sourcecode.swift; path = TableViewViewController.swift; sourceTree = "<group>"; };
		FA3ED60A26FDECE3008043A9 /* Base */ = {isa = PBXFileReference; lastKnownFileType = file.storyboard; name = Base; path = Base.lproj/Main.storyboard; sourceTree = "<group>"; };
		FA3ED60C26FDECE4008043A9 /* Assets.xcassets */ = {isa = PBXFileReference; lastKnownFileType = folder.assetcatalog; path = Assets.xcassets; sourceTree = "<group>"; };
		FA3ED60F26FDECE4008043A9 /* Base */ = {isa = PBXFileReference; lastKnownFileType = file.storyboard; name = Base; path = Base.lproj/LaunchScreen.storyboard; sourceTree = "<group>"; };
		FA3ED61126FDECE4008043A9 /* Info.plist */ = {isa = PBXFileReference; lastKnownFileType = text.plist.xml; path = Info.plist; sourceTree = "<group>"; };
		FAFDCF3127055D2A0056C2EC /* MovieTableViewCell.swift */ = {isa = PBXFileReference; lastKnownFileType = sourcecode.swift; path = MovieTableViewCell.swift; sourceTree = "<group>"; };
		FAFDCF35270561D30056C2EC /* Movies.swift */ = {isa = PBXFileReference; lastKnownFileType = sourcecode.swift; path = Movies.swift; sourceTree = "<group>"; };
		FAFDCF442705875E0056C2EC /* MovieDetail.swift */ = {isa = PBXFileReference; lastKnownFileType = sourcecode.swift; path = MovieDetail.swift; sourceTree = "<group>"; };
		FAFDCF472705892D0056C2EC /* MovieDetailViewController.swift */ = {isa = PBXFileReference; lastKnownFileType = sourcecode.swift; path = MovieDetailViewController.swift; sourceTree = "<group>"; };
		FAFDCF4F270598ED0056C2EC /* MovieInfoTableViewCell.swift */ = {isa = PBXFileReference; lastKnownFileType = sourcecode.swift; path = MovieInfoTableViewCell.swift; sourceTree = "<group>"; };
		FAFDCF522705991B0056C2EC /* SynopsisTableViewCell.swift */ = {isa = PBXFileReference; lastKnownFileType = sourcecode.swift; path = SynopsisTableViewCell.swift; sourceTree = "<group>"; };
		FAFDCF55270599700056C2EC /* DirectorTableViewCell.swift */ = {isa = PBXFileReference; lastKnownFileType = sourcecode.swift; path = DirectorTableViewCell.swift; sourceTree = "<group>"; };
		FAFDCF58270599820056C2EC /* CommentsTableViewCell.swift */ = {isa = PBXFileReference; lastKnownFileType = sourcecode.swift; path = CommentsTableViewCell.swift; sourceTree = "<group>"; };
		FAFDCF5B270599CF0056C2EC /* TitleTableViewCell.swift */ = {isa = PBXFileReference; lastKnownFileType = sourcecode.swift; path = TitleTableViewCell.swift; sourceTree = "<group>"; };
		FAFDCF612705CF4F0056C2EC /* Comments.swift */ = {isa = PBXFileReference; lastKnownFileType = sourcecode.swift; path = Comments.swift; sourceTree = "<group>"; };
		FAFDCF652705DCAB0056C2EC /* CollectionViewCell.swift */ = {isa = PBXFileReference; lastKnownFileType = sourcecode.swift; path = CollectionViewCell.swift; sourceTree = "<group>"; };
		FAFDCF692705DD430056C2EC /* CollectionViewViewController.swift */ = {isa = PBXFileReference; lastKnownFileType = sourcecode.swift; path = CollectionViewViewController.swift; sourceTree = "<group>"; };
		FAFDCF6D2705DF380056C2EC /* Request.swift */ = {isa = PBXFileReference; lastKnownFileType = sourcecode.swift; path = Request.swift; sourceTree = "<group>"; };
/* End PBXFileReference section */

/* Begin PBXFrameworksBuildPhase section */
		FA3ED5FD26FDECE3008043A9 /* Frameworks */ = {
			isa = PBXFrameworksBuildPhase;
			buildActionMask = 2147483647;
			files = (
			);
			runOnlyForDeploymentPostprocessing = 0;
		};
/* End PBXFrameworksBuildPhase section */

/* Begin PBXGroup section */
		FA3ED5F726FDECE3008043A9 = {
			isa = PBXGroup;
			children = (
				FA3ED60226FDECE3008043A9 /* BoxOffice */,
				FA3ED60126FDECE3008043A9 /* Products */,
			);
			sourceTree = "<group>";
		};
		FA3ED60126FDECE3008043A9 /* Products */ = {
			isa = PBXGroup;
			children = (
				FA3ED60026FDECE3008043A9 /* BoxOffice.app */,
			);
			name = Products;
			sourceTree = "<group>";
		};
		FA3ED60226FDECE3008043A9 /* BoxOffice */ = {
			isa = PBXGroup;
			children = (
				FA3ED61826FDEE41008043A9 /* Model */,
				FA3ED61926FDEE49008043A9 /* View */,
				FA3ED61A26FDEE4E008043A9 /* Controller */,
				FA3ED60326FDECE3008043A9 /* AppDelegate.swift */,
				FA3ED60526FDECE3008043A9 /* SceneDelegate.swift */,
				FA3ED60C26FDECE4008043A9 /* Assets.xcassets */,
				FA3ED60E26FDECE4008043A9 /* LaunchScreen.storyboard */,
				FA3ED61126FDECE4008043A9 /* Info.plist */,
			);
			path = BoxOffice;
			sourceTree = "<group>";
		};
		FA3ED61826FDEE41008043A9 /* Model */ = {
			isa = PBXGroup;
			children = (
				FAFDCF35270561D30056C2EC /* Movies.swift */,
				FAFDCF442705875E0056C2EC /* MovieDetail.swift */,
				FAFDCF612705CF4F0056C2EC /* Comments.swift */,
				FAFDCF6D2705DF380056C2EC /* Request.swift */,
				FA30AE5C270C49FC0029992F /* Comment.swift */,
			);
			path = Model;
			sourceTree = "<group>";
		};
		FA3ED61926FDEE49008043A9 /* View */ = {
			isa = PBXGroup;
			children = (
				FAFDCF642705DC9A0056C2EC /* CollectionViewCell */,
				FAFDCF4D2705987E0056C2EC /* TabelViewCell */,
				FA3ED60926FDECE3008043A9 /* Main.storyboard */,
			);
			path = View;
			sourceTree = "<group>";
		};
		FA3ED61A26FDEE4E008043A9 /* Controller */ = {
			isa = PBXGroup;
			children = (
				FAFDCF472705892D0056C2EC /* MovieDetailViewController.swift */,
				FA3ED60726FDECE3008043A9 /* TableViewViewController.swift */,
				FAFDCF692705DD430056C2EC /* CollectionViewViewController.swift */,
				FA353A522706C2EA00C25A9F /* CommentViewController.swift */,
			);
			path = Controller;
			sourceTree = "<group>";
		};
		FAFDCF4D2705987E0056C2EC /* TabelViewCell */ = {
			isa = PBXGroup;
			children = (
				FAFDCF3127055D2A0056C2EC /* MovieTableViewCell.swift */,
				FAFDCF4F270598ED0056C2EC /* MovieInfoTableViewCell.swift */,
				FAFDCF522705991B0056C2EC /* SynopsisTableViewCell.swift */,
				FAFDCF55270599700056C2EC /* DirectorTableViewCell.swift */,
				FAFDCF58270599820056C2EC /* CommentsTableViewCell.swift */,
				FAFDCF5B270599CF0056C2EC /* TitleTableViewCell.swift */,
			);
			path = TabelViewCell;
			sourceTree = "<group>";
		};
		FAFDCF642705DC9A0056C2EC /* CollectionViewCell */ = {
			isa = PBXGroup;
			children = (
				FAFDCF652705DCAB0056C2EC /* CollectionViewCell.swift */,
			);
			path = CollectionViewCell;
			sourceTree = "<group>";
		};
/* End PBXGroup section */

/* Begin PBXNativeTarget section */
		FA3ED5FF26FDECE3008043A9 /* BoxOffice */ = {
			isa = PBXNativeTarget;
			buildConfigurationList = FA3ED61426FDECE4008043A9 /* Build configuration list for PBXNativeTarget "BoxOffice" */;
			buildPhases = (
				FA3ED5FC26FDECE3008043A9 /* Sources */,
				FA3ED5FD26FDECE3008043A9 /* Frameworks */,
				FA3ED5FE26FDECE3008043A9 /* Resources */,
			);
			buildRules = (
			);
			dependencies = (
			);
			name = BoxOffice;
			productName = BoxOffice;
			productReference = FA3ED60026FDECE3008043A9 /* BoxOffice.app */;
			productType = "com.apple.product-type.application";
		};
/* End PBXNativeTarget section */

/* Begin PBXProject section */
		FA3ED5F826FDECE3008043A9 /* Project object */ = {
			isa = PBXProject;
			attributes = {
				LastSwiftUpdateCheck = 1240;
				LastUpgradeCheck = 1240;
				TargetAttributes = {
					FA3ED5FF26FDECE3008043A9 = {
						CreatedOnToolsVersion = 12.4;
					};
				};
			};
			buildConfigurationList = FA3ED5FB26FDECE3008043A9 /* Build configuration list for PBXProject "BoxOffice" */;
			compatibilityVersion = "Xcode 9.3";
			developmentRegion = en;
			hasScannedForEncodings = 0;
			knownRegions = (
				en,
				Base,
			);
			mainGroup = FA3ED5F726FDECE3008043A9;
			productRefGroup = FA3ED60126FDECE3008043A9 /* Products */;
			projectDirPath = "";
			projectRoot = "";
			targets = (
				FA3ED5FF26FDECE3008043A9 /* BoxOffice */,
			);
		};
/* End PBXProject section */

/* Begin PBXResourcesBuildPhase section */
		FA3ED5FE26FDECE3008043A9 /* Resources */ = {
			isa = PBXResourcesBuildPhase;
			buildActionMask = 2147483647;
			files = (
				FA3ED61026FDECE4008043A9 /* LaunchScreen.storyboard in Resources */,
				FA3ED60D26FDECE4008043A9 /* Assets.xcassets in Resources */,
				FA3ED60B26FDECE3008043A9 /* Main.storyboard in Resources */,
			);
			runOnlyForDeploymentPostprocessing = 0;
		};
/* End PBXResourcesBuildPhase section */

/* Begin PBXSourcesBuildPhase section */
		FA3ED5FC26FDECE3008043A9 /* Sources */ = {
			isa = PBXSourcesBuildPhase;
			buildActionMask = 2147483647;
			files = (
				FA3ED60826FDECE3008043A9 /* TableViewViewController.swift in Sources */,
				FAFDCF6E2705DF380056C2EC /* Request.swift in Sources */,
				FAFDCF36270561D30056C2EC /* Movies.swift in Sources */,
				FAFDCF6A2705DD430056C2EC /* CollectionViewViewController.swift in Sources */,
				FA3ED60426FDECE3008043A9 /* AppDelegate.swift in Sources */,
				FA353A532706C2EA00C25A9F /* CommentViewController.swift in Sources */,
				FAFDCF452705875E0056C2EC /* MovieDetail.swift in Sources */,
				FA30AE5D270C49FC0029992F /* Comment.swift in Sources */,
				FAFDCF5C270599CF0056C2EC /* TitleTableViewCell.swift in Sources */,
				FAFDCF622705CF4F0056C2EC /* Comments.swift in Sources */,
				FAFDCF482705892D0056C2EC /* MovieDetailViewController.swift in Sources */,
				FAFDCF3227055D2A0056C2EC /* MovieTableViewCell.swift in Sources */,
				FAFDCF50270598ED0056C2EC /* MovieInfoTableViewCell.swift in Sources */,
				FAFDCF56270599700056C2EC /* DirectorTableViewCell.swift in Sources */,
				FAFDCF662705DCAB0056C2EC /* CollectionViewCell.swift in Sources */,
				FAFDCF532705991B0056C2EC /* SynopsisTableViewCell.swift in Sources */,
				FA3ED60626FDECE3008043A9 /* SceneDelegate.swift in Sources */,
				FAFDCF59270599820056C2EC /* CommentsTableViewCell.swift in Sources */,
			);
			runOnlyForDeploymentPostprocessing = 0;
		};
/* End PBXSourcesBuildPhase section */

/* Begin PBXVariantGroup section */
		FA3ED60926FDECE3008043A9 /* Main.storyboard */ = {
			isa = PBXVariantGroup;
			children = (
				FA3ED60A26FDECE3008043A9 /* Base */,
			);
			name = Main.storyboard;
			sourceTree = "<group>";
		};
		FA3ED60E26FDECE4008043A9 /* LaunchScreen.storyboard */ = {
			isa = PBXVariantGroup;
			children = (
				FA3ED60F26FDECE4008043A9 /* Base */,
			);
			name = LaunchScreen.storyboard;
			sourceTree = "<group>";
		};
/* End PBXVariantGroup section */

/* Begin XCBuildConfiguration section */
		FA3ED61226FDECE4008043A9 /* Debug */ = {
			isa = XCBuildConfiguration;
			buildSettings = {
				ALWAYS_SEARCH_USER_PATHS = NO;
				CLANG_ANALYZER_NONNULL = YES;
				CLANG_ANALYZER_NUMBER_OBJECT_CONVERSION = YES_AGGRESSIVE;
				CLANG_CXX_LANGUAGE_STANDARD = "gnu++14";
				CLANG_CXX_LIBRARY = "libc++";
				CLANG_ENABLE_MODULES = YES;
				CLANG_ENABLE_OBJC_ARC = YES;
				CLANG_ENABLE_OBJC_WEAK = YES;
				CLANG_WARN_BLOCK_CAPTURE_AUTORELEASING = YES;
				CLANG_WARN_BOOL_CONVERSION = YES;
				CLANG_WARN_COMMA = YES;
				CLANG_WARN_CONSTANT_CONVERSION = YES;
				CLANG_WARN_DEPRECATED_OBJC_IMPLEMENTATIONS = YES;
				CLANG_WARN_DIRECT_OBJC_ISA_USAGE = YES_ERROR;
				CLANG_WARN_DOCUMENTATION_COMMENTS = YES;
				CLANG_WARN_EMPTY_BODY = YES;
				CLANG_WARN_ENUM_CONVERSION = YES;
				CLANG_WARN_INFINITE_RECURSION = YES;
				CLANG_WARN_INT_CONVERSION = YES;
				CLANG_WARN_NON_LITERAL_NULL_CONVERSION = YES;
				CLANG_WARN_OBJC_IMPLICIT_RETAIN_SELF = YES;
				CLANG_WARN_OBJC_LITERAL_CONVERSION = YES;
				CLANG_WARN_OBJC_ROOT_CLASS = YES_ERROR;
				CLANG_WARN_QUOTED_INCLUDE_IN_FRAMEWORK_HEADER = YES;
				CLANG_WARN_RANGE_LOOP_ANALYSIS = YES;
				CLANG_WARN_STRICT_PROTOTYPES = YES;
				CLANG_WARN_SUSPICIOUS_MOVE = YES;
				CLANG_WARN_UNGUARDED_AVAILABILITY = YES_AGGRESSIVE;
				CLANG_WARN_UNREACHABLE_CODE = YES;
				CLANG_WARN__DUPLICATE_METHOD_MATCH = YES;
				COPY_PHASE_STRIP = NO;
				DEBUG_INFORMATION_FORMAT = dwarf;
				ENABLE_STRICT_OBJC_MSGSEND = YES;
				ENABLE_TESTABILITY = YES;
				GCC_C_LANGUAGE_STANDARD = gnu11;
				GCC_DYNAMIC_NO_PIC = NO;
				GCC_NO_COMMON_BLOCKS = YES;
				GCC_OPTIMIZATION_LEVEL = 0;
				GCC_PREPROCESSOR_DEFINITIONS = (
					"DEBUG=1",
					"$(inherited)",
				);
				GCC_WARN_64_TO_32_BIT_CONVERSION = YES;
				GCC_WARN_ABOUT_RETURN_TYPE = YES_ERROR;
				GCC_WARN_UNDECLARED_SELECTOR = YES;
				GCC_WARN_UNINITIALIZED_AUTOS = YES_AGGRESSIVE;
				GCC_WARN_UNUSED_FUNCTION = YES;
				GCC_WARN_UNUSED_VARIABLE = YES;
				IPHONEOS_DEPLOYMENT_TARGET = 14.4;
				MTL_ENABLE_DEBUG_INFO = INCLUDE_SOURCE;
				MTL_FAST_MATH = YES;
				ONLY_ACTIVE_ARCH = YES;
				SDKROOT = iphoneos;
				SWIFT_ACTIVE_COMPILATION_CONDITIONS = DEBUG;
				SWIFT_OPTIMIZATION_LEVEL = "-Onone";
			};
			name = Debug;
		};
		FA3ED61326FDECE4008043A9 /* Release */ = {
			isa = XCBuildConfiguration;
			buildSettings = {
				ALWAYS_SEARCH_USER_PATHS = NO;
				CLANG_ANALYZER_NONNULL = YES;
				CLANG_ANALYZER_NUMBER_OBJECT_CONVERSION = YES_AGGRESSIVE;
				CLANG_CXX_LANGUAGE_STANDARD = "gnu++14";
				CLANG_CXX_LIBRARY = "libc++";
				CLANG_ENABLE_MODULES = YES;
				CLANG_ENABLE_OBJC_ARC = YES;
				CLANG_ENABLE_OBJC_WEAK = YES;
				CLANG_WARN_BLOCK_CAPTURE_AUTORELEASING = YES;
				CLANG_WARN_BOOL_CONVERSION = YES;
				CLANG_WARN_COMMA = YES;
				CLANG_WARN_CONSTANT_CONVERSION = YES;
				CLANG_WARN_DEPRECATED_OBJC_IMPLEMENTATIONS = YES;
				CLANG_WARN_DIRECT_OBJC_ISA_USAGE = YES_ERROR;
				CLANG_WARN_DOCUMENTATION_COMMENTS = YES;
				CLANG_WARN_EMPTY_BODY = YES;
				CLANG_WARN_ENUM_CONVERSION = YES;
				CLANG_WARN_INFINITE_RECURSION = YES;
				CLANG_WARN_INT_CONVERSION = YES;
				CLANG_WARN_NON_LITERAL_NULL_CONVERSION = YES;
				CLANG_WARN_OBJC_IMPLICIT_RETAIN_SELF = YES;
				CLANG_WARN_OBJC_LITERAL_CONVERSION = YES;
				CLANG_WARN_OBJC_ROOT_CLASS = YES_ERROR;
				CLANG_WARN_QUOTED_INCLUDE_IN_FRAMEWORK_HEADER = YES;
				CLANG_WARN_RANGE_LOOP_ANALYSIS = YES;
				CLANG_WARN_STRICT_PROTOTYPES = YES;
				CLANG_WARN_SUSPICIOUS_MOVE = YES;
				CLANG_WARN_UNGUARDED_AVAILABILITY = YES_AGGRESSIVE;
				CLANG_WARN_UNREACHABLE_CODE = YES;
				CLANG_WARN__DUPLICATE_METHOD_MATCH = YES;
				COPY_PHASE_STRIP = NO;
				DEBUG_INFORMATION_FORMAT = "dwarf-with-dsym";
				ENABLE_NS_ASSERTIONS = NO;
				ENABLE_STRICT_OBJC_MSGSEND = YES;
				GCC_C_LANGUAGE_STANDARD = gnu11;
				GCC_NO_COMMON_BLOCKS = YES;
				GCC_WARN_64_TO_32_BIT_CONVERSION = YES;
				GCC_WARN_ABOUT_RETURN_TYPE = YES_ERROR;
				GCC_WARN_UNDECLARED_SELECTOR = YES;
				GCC_WARN_UNINITIALIZED_AUTOS = YES_AGGRESSIVE;
				GCC_WARN_UNUSED_FUNCTION = YES;
				GCC_WARN_UNUSED_VARIABLE = YES;
				IPHONEOS_DEPLOYMENT_TARGET = 14.4;
				MTL_ENABLE_DEBUG_INFO = NO;
				MTL_FAST_MATH = YES;
				SDKROOT = iphoneos;
				SWIFT_COMPILATION_MODE = wholemodule;
				SWIFT_OPTIMIZATION_LEVEL = "-O";
				VALIDATE_PRODUCT = YES;
			};
			name = Release;
		};
		FA3ED61526FDECE4008043A9 /* Debug */ = {
			isa = XCBuildConfiguration;
			buildSettings = {
				ASSETCATALOG_COMPILER_APPICON_NAME = AppIcon;
				ASSETCATALOG_COMPILER_GLOBAL_ACCENT_COLOR_NAME = AccentColor;
				CODE_SIGN_STYLE = Automatic;
				INFOPLIST_FILE = BoxOffice/Info.plist;
				LD_RUNPATH_SEARCH_PATHS = (
					"$(inherited)",
					"@executable_path/Frameworks",
				);
				PRODUCT_BUNDLE_IDENTIFIER = LimYoungSun.BoxOffice;
				PRODUCT_NAME = "$(TARGET_NAME)";
				SWIFT_VERSION = 5.0;
				TARGETED_DEVICE_FAMILY = "1,2";
			};
			name = Debug;
		};
		FA3ED61626FDECE4008043A9 /* Release */ = {
			isa = XCBuildConfiguration;
			buildSettings = {
				ASSETCATALOG_COMPILER_APPICON_NAME = AppIcon;
				ASSETCATALOG_COMPILER_GLOBAL_ACCENT_COLOR_NAME = AccentColor;
				CODE_SIGN_STYLE = Automatic;
				INFOPLIST_FILE = BoxOffice/Info.plist;
				LD_RUNPATH_SEARCH_PATHS = (
					"$(inherited)",
					"@executable_path/Frameworks",
				);
				PRODUCT_BUNDLE_IDENTIFIER = LimYoungSun.BoxOffice;
				PRODUCT_NAME = "$(TARGET_NAME)";
				SWIFT_VERSION = 5.0;
				TARGETED_DEVICE_FAMILY = "1,2";
			};
			name = Release;
		};
/* End XCBuildConfiguration section */

/* Begin XCConfigurationList section */
		FA3ED5FB26FDECE3008043A9 /* Build configuration list for PBXProject "BoxOffice" */ = {
			isa = XCConfigurationList;
			buildConfigurations = (
				FA3ED61226FDECE4008043A9 /* Debug */,
				FA3ED61326FDECE4008043A9 /* Release */,
			);
			defaultConfigurationIsVisible = 0;
			defaultConfigurationName = Release;
		};
		FA3ED61426FDECE4008043A9 /* Build configuration list for PBXNativeTarget "BoxOffice" */ = {
			isa = XCConfigurationList;
			buildConfigurations = (
				FA3ED61526FDECE4008043A9 /* Debug */,
				FA3ED61626FDECE4008043A9 /* Release */,
			);
			defaultConfigurationIsVisible = 0;
			defaultConfigurationName = Release;
		};
/* End XCConfigurationList section */
	};
	rootObject = FA3ED5F826FDECE3008043A9 /* Project object */;
}
