// !$*UTF8*$!
{
	archiveVersion = 1;
	classes = {
	};
	objectVersion = 50;
	objects = {

/* Begin PBXBuildFile section */
		FA03139826F23B6400396639 /* AppDelegate.swift in Sources */ = {isa = PBXBuildFile; fileRef = FA03139726F23B6400396639 /* AppDelegate.swift */; };
		FA03139A26F23B6400396639 /* SceneDelegate.swift in Sources */ = {isa = PBXBuildFile; fileRef = FA03139926F23B6400396639 /* SceneDelegate.swift */; };
		FA03139C26F23B6400396639 /* FolderViewController.swift in Sources */ = {isa = PBXBuildFile; fileRef = FA03139B26F23B6400396639 /* FolderViewController.swift */; };
		FA03139F26F23B6400396639 /* Main.storyboard in Resources */ = {isa = PBXBuildFile; fileRef = FA03139D26F23B6400396639 /* Main.storyboard */; };
		FA0313A126F23B6500396639 /* Assets.xcassets in Resources */ = {isa = PBXBuildFile; fileRef = FA0313A026F23B6500396639 /* Assets.xcassets */; };
		FA0313A426F23B6500396639 /* LaunchScreen.storyboard in Resources */ = {isa = PBXBuildFile; fileRef = FA0313A226F23B6500396639 /* LaunchScreen.storyboard */; };
		FA0313B126F43E0400396639 /* FolderCollectionViewCell.swift in Sources */ = {isa = PBXBuildFile; fileRef = FA0313B026F43E0400396639 /* FolderCollectionViewCell.swift */; };
		FA0313B426F4641500396639 /* AlbumModel.swift in Sources */ = {isa = PBXBuildFile; fileRef = FA0313B326F4641500396639 /* AlbumModel.swift */; };
		FA0313B826F496C300396639 /* PictureViewController.swift in Sources */ = {isa = PBXBuildFile; fileRef = FA0313B726F496C300396639 /* PictureViewController.swift */; };
		FA0313BB26F499C700396639 /* PictureCollectionViewCell.swift in Sources */ = {isa = PBXBuildFile; fileRef = FA0313BA26F499C700396639 /* PictureCollectionViewCell.swift */; };
		FA0313BF26F4AF9B00396639 /* PictureDetailViewController.swift in Sources */ = {isa = PBXBuildFile; fileRef = FA0313BE26F4AF9B00396639 /* PictureDetailViewController.swift */; };
/* End PBXBuildFile section */

/* Begin PBXFileReference section */
		FA03139426F23B6400396639 /* MyAlbum.app */ = {isa = PBXFileReference; explicitFileType = wrapper.application; includeInIndex = 0; path = MyAlbum.app; sourceTree = BUILT_PRODUCTS_DIR; };
		FA03139726F23B6400396639 /* AppDelegate.swift */ = {isa = PBXFileReference; lastKnownFileType = sourcecode.swift; path = AppDelegate.swift; sourceTree = "<group>"; };
		FA03139926F23B6400396639 /* SceneDelegate.swift */ = {isa = PBXFileReference; lastKnownFileType = sourcecode.swift; path = SceneDelegate.swift; sourceTree = "<group>"; };
		FA03139B26F23B6400396639 /* FolderViewController.swift */ = {isa = PBXFileReference; lastKnownFileType = sourcecode.swift; path = FolderViewController.swift; sourceTree = "<group>"; };
		FA03139E26F23B6400396639 /* Base */ = {isa = PBXFileReference; lastKnownFileType = file.storyboard; name = Base; path = Base.lproj/Main.storyboard; sourceTree = "<group>"; };
		FA0313A026F23B6500396639 /* Assets.xcassets */ = {isa = PBXFileReference; lastKnownFileType = folder.assetcatalog; path = Assets.xcassets; sourceTree = "<group>"; };
		FA0313A326F23B6500396639 /* Base */ = {isa = PBXFileReference; lastKnownFileType = file.storyboard; name = Base; path = Base.lproj/LaunchScreen.storyboard; sourceTree = "<group>"; };
		FA0313A526F23B6500396639 /* Info.plist */ = {isa = PBXFileReference; lastKnownFileType = text.plist.xml; path = Info.plist; sourceTree = "<group>"; };
		FA0313B026F43E0400396639 /* FolderCollectionViewCell.swift */ = {isa = PBXFileReference; lastKnownFileType = sourcecode.swift; path = FolderCollectionViewCell.swift; sourceTree = "<group>"; };
		FA0313B326F4641500396639 /* AlbumModel.swift */ = {isa = PBXFileReference; lastKnownFileType = sourcecode.swift; path = AlbumModel.swift; sourceTree = "<group>"; };
		FA0313B726F496C300396639 /* PictureViewController.swift */ = {isa = PBXFileReference; lastKnownFileType = sourcecode.swift; path = PictureViewController.swift; sourceTree = "<group>"; };
		FA0313BA26F499C700396639 /* PictureCollectionViewCell.swift */ = {isa = PBXFileReference; lastKnownFileType = sourcecode.swift; path = PictureCollectionViewCell.swift; sourceTree = "<group>"; };
		FA0313BE26F4AF9B00396639 /* PictureDetailViewController.swift */ = {isa = PBXFileReference; lastKnownFileType = sourcecode.swift; path = PictureDetailViewController.swift; sourceTree = "<group>"; };
/* End PBXFileReference section */

/* Begin PBXFrameworksBuildPhase section */
		FA03139126F23B6400396639 /* Frameworks */ = {
			isa = PBXFrameworksBuildPhase;
			buildActionMask = 2147483647;
			files = (
			);
			runOnlyForDeploymentPostprocessing = 0;
		};
/* End PBXFrameworksBuildPhase section */

/* Begin PBXGroup section */
		FA03138B26F23B6400396639 = {
			isa = PBXGroup;
			children = (
				FA03139626F23B6400396639 /* MyAlbum */,
				FA03139526F23B6400396639 /* Products */,
			);
			sourceTree = "<group>";
		};
		FA03139526F23B6400396639 /* Products */ = {
			isa = PBXGroup;
			children = (
				FA03139426F23B6400396639 /* MyAlbum.app */,
			);
			name = Products;
			sourceTree = "<group>";
		};
		FA03139626F23B6400396639 /* MyAlbum */ = {
			isa = PBXGroup;
			children = (
				FA0313AE26F4397B00396639 /* Controller */,
				FA0313AD26F4397600396639 /* View */,
				FA0313AC26F4396D00396639 /* Model */,
				FA03139726F23B6400396639 /* AppDelegate.swift */,
				FA03139926F23B6400396639 /* SceneDelegate.swift */,
				FA0313A026F23B6500396639 /* Assets.xcassets */,
				FA0313A226F23B6500396639 /* LaunchScreen.storyboard */,
				FA0313A526F23B6500396639 /* Info.plist */,
			);
			path = MyAlbum;
			sourceTree = "<group>";
		};
		FA0313AC26F4396D00396639 /* Model */ = {
			isa = PBXGroup;
			children = (
				FA0313B326F4641500396639 /* AlbumModel.swift */,
			);
			path = Model;
			sourceTree = "<group>";
		};
		FA0313AD26F4397600396639 /* View */ = {
			isa = PBXGroup;
			children = (
				FA03139D26F23B6400396639 /* Main.storyboard */,
			);
			path = View;
			sourceTree = "<group>";
		};
		FA0313AE26F4397B00396639 /* Controller */ = {
			isa = PBXGroup;
			children = (
				FA03139B26F23B6400396639 /* FolderViewController.swift */,
				FA0313B726F496C300396639 /* PictureViewController.swift */,
				FA0313BE26F4AF9B00396639 /* PictureDetailViewController.swift */,
				FA0313B026F43E0400396639 /* FolderCollectionViewCell.swift */,
				FA0313BA26F499C700396639 /* PictureCollectionViewCell.swift */,
			);
			path = Controller;
			sourceTree = "<group>";
		};
/* End PBXGroup section */

/* Begin PBXNativeTarget section */
		FA03139326F23B6400396639 /* MyAlbum */ = {
			isa = PBXNativeTarget;
			buildConfigurationList = FA0313A826F23B6500396639 /* Build configuration list for PBXNativeTarget "MyAlbum" */;
			buildPhases = (
				FA03139026F23B6400396639 /* Sources */,
				FA03139126F23B6400396639 /* Frameworks */,
				FA03139226F23B6400396639 /* Resources */,
			);
			buildRules = (
			);
			dependencies = (
			);
			name = MyAlbum;
			productName = MyAlbum;
			productReference = FA03139426F23B6400396639 /* MyAlbum.app */;
			productType = "com.apple.product-type.application";
		};
/* End PBXNativeTarget section */

/* Begin PBXProject section */
		FA03138C26F23B6400396639 /* Project object */ = {
			isa = PBXProject;
			attributes = {
				LastSwiftUpdateCheck = 1240;
				LastUpgradeCheck = 1240;
				TargetAttributes = {
					FA03139326F23B6400396639 = {
						CreatedOnToolsVersion = 12.4;
					};
				};
			};
			buildConfigurationList = FA03138F26F23B6400396639 /* Build configuration list for PBXProject "MyAlbum" */;
			compatibilityVersion = "Xcode 9.3";
			developmentRegion = en;
			hasScannedForEncodings = 0;
			knownRegions = (
				en,
				Base,
			);
			mainGroup = FA03138B26F23B6400396639;
			productRefGroup = FA03139526F23B6400396639 /* Products */;
			projectDirPath = "";
			projectRoot = "";
			targets = (
				FA03139326F23B6400396639 /* MyAlbum */,
			);
		};
/* End PBXProject section */

/* Begin PBXResourcesBuildPhase section */
		FA03139226F23B6400396639 /* Resources */ = {
			isa = PBXResourcesBuildPhase;
			buildActionMask = 2147483647;
			files = (
				FA0313A426F23B6500396639 /* LaunchScreen.storyboard in Resources */,
				FA0313A126F23B6500396639 /* Assets.xcassets in Resources */,
				FA03139F26F23B6400396639 /* Main.storyboard in Resources */,
			);
			runOnlyForDeploymentPostprocessing = 0;
		};
/* End PBXResourcesBuildPhase section */

/* Begin PBXSourcesBuildPhase section */
		FA03139026F23B6400396639 /* Sources */ = {
			isa = PBXSourcesBuildPhase;
			buildActionMask = 2147483647;
			files = (
				FA0313BB26F499C700396639 /* PictureCollectionViewCell.swift in Sources */,
				FA0313B126F43E0400396639 /* FolderCollectionViewCell.swift in Sources */,
				FA0313B826F496C300396639 /* PictureViewController.swift in Sources */,
				FA0313B426F4641500396639 /* AlbumModel.swift in Sources */,
				FA03139C26F23B6400396639 /* FolderViewController.swift in Sources */,
				FA03139826F23B6400396639 /* AppDelegate.swift in Sources */,
				FA0313BF26F4AF9B00396639 /* PictureDetailViewController.swift in Sources */,
				FA03139A26F23B6400396639 /* SceneDelegate.swift in Sources */,
			);
			runOnlyForDeploymentPostprocessing = 0;
		};
/* End PBXSourcesBuildPhase section */

/* Begin PBXVariantGroup section */
		FA03139D26F23B6400396639 /* Main.storyboard */ = {
			isa = PBXVariantGroup;
			children = (
				FA03139E26F23B6400396639 /* Base */,
			);
			name = Main.storyboard;
			sourceTree = "<group>";
		};
		FA0313A226F23B6500396639 /* LaunchScreen.storyboard */ = {
			isa = PBXVariantGroup;
			children = (
				FA0313A326F23B6500396639 /* Base */,
			);
			name = LaunchScreen.storyboard;
			sourceTree = "<group>";
		};
/* End PBXVariantGroup section */

/* Begin XCBuildConfiguration section */
		FA0313A626F23B6500396639 /* Debug */ = {
			isa = XCBuildConfiguration;
			buildSettings = {
				ALWAYS_SEARCH_USER_PATHS = NO;
				CLANG_ANALYZER_NONNULL = YES;
				CLANG_ANALYZER_NUMBER_OBJECT_CONVERSION = YES_AGGRESSIVE;
				CLANG_CXX_LANGUAGE_STANDARD = "gnu++14";
				CLANG_CXX_LIBRARY = "libc++";
				CLANG_ENABLE_MODULES = YES;
				CLANG_ENABLE_OBJC_ARC = YES;
				CLANG_ENABLE_OBJC_WEAK = YES;
				CLANG_WARN_BLOCK_CAPTURE_AUTORELEASING = YES;
				CLANG_WARN_BOOL_CONVERSION = YES;
				CLANG_WARN_COMMA = YES;
				CLANG_WARN_CONSTANT_CONVERSION = YES;
				CLANG_WARN_DEPRECATED_OBJC_IMPLEMENTATIONS = YES;
				CLANG_WARN_DIRECT_OBJC_ISA_USAGE = YES_ERROR;
				CLANG_WARN_DOCUMENTATION_COMMENTS = YES;
				CLANG_WARN_EMPTY_BODY = YES;
				CLANG_WARN_ENUM_CONVERSION = YES;
				CLANG_WARN_INFINITE_RECURSION = YES;
				CLANG_WARN_INT_CONVERSION = YES;
				CLANG_WARN_NON_LITERAL_NULL_CONVERSION = YES;
				CLANG_WARN_OBJC_IMPLICIT_RETAIN_SELF = YES;
				CLANG_WARN_OBJC_LITERAL_CONVERSION = YES;
				CLANG_WARN_OBJC_ROOT_CLASS = YES_ERROR;
				CLANG_WARN_QUOTED_INCLUDE_IN_FRAMEWORK_HEADER = YES;
				CLANG_WARN_RANGE_LOOP_ANALYSIS = YES;
				CLANG_WARN_STRICT_PROTOTYPES = YES;
				CLANG_WARN_SUSPICIOUS_MOVE = YES;
				CLANG_WARN_UNGUARDED_AVAILABILITY = YES_AGGRESSIVE;
				CLANG_WARN_UNREACHABLE_CODE = YES;
				CLANG_WARN__DUPLICATE_METHOD_MATCH = YES;
				COPY_PHASE_STRIP = NO;
				DEBUG_INFORMATION_FORMAT = dwarf;
				ENABLE_STRICT_OBJC_MSGSEND = YES;
				ENABLE_TESTABILITY = YES;
				GCC_C_LANGUAGE_STANDARD = gnu11;
				GCC_DYNAMIC_NO_PIC = NO;
				GCC_NO_COMMON_BLOCKS = YES;
				GCC_OPTIMIZATION_LEVEL = 0;
				GCC_PREPROCESSOR_DEFINITIONS = (
					"DEBUG=1",
					"$(inherited)",
				);
				GCC_WARN_64_TO_32_BIT_CONVERSION = YES;
				GCC_WARN_ABOUT_RETURN_TYPE = YES_ERROR;
				GCC_WARN_UNDECLARED_SELECTOR = YES;
				GCC_WARN_UNINITIALIZED_AUTOS = YES_AGGRESSIVE;
				GCC_WARN_UNUSED_FUNCTION = YES;
				GCC_WARN_UNUSED_VARIABLE = YES;
				IPHONEOS_DEPLOYMENT_TARGET = 14.4;
				MTL_ENABLE_DEBUG_INFO = INCLUDE_SOURCE;
				MTL_FAST_MATH = YES;
				ONLY_ACTIVE_ARCH = YES;
				SDKROOT = iphoneos;
				SWIFT_ACTIVE_COMPILATION_CONDITIONS = DEBUG;
				SWIFT_OPTIMIZATION_LEVEL = "-Onone";
			};
			name = Debug;
		};
		FA0313A726F23B6500396639 /* Release */ = {
			isa = XCBuildConfiguration;
			buildSettings = {
				ALWAYS_SEARCH_USER_PATHS = NO;
				CLANG_ANALYZER_NONNULL = YES;
				CLANG_ANALYZER_NUMBER_OBJECT_CONVERSION = YES_AGGRESSIVE;
				CLANG_CXX_LANGUAGE_STANDARD = "gnu++14";
				CLANG_CXX_LIBRARY = "libc++";
				CLANG_ENABLE_MODULES = YES;
				CLANG_ENABLE_OBJC_ARC = YES;
				CLANG_ENABLE_OBJC_WEAK = YES;
				CLANG_WARN_BLOCK_CAPTURE_AUTORELEASING = YES;
				CLANG_WARN_BOOL_CONVERSION = YES;
				CLANG_WARN_COMMA = YES;
				CLANG_WARN_CONSTANT_CONVERSION = YES;
				CLANG_WARN_DEPRECATED_OBJC_IMPLEMENTATIONS = YES;
				CLANG_WARN_DIRECT_OBJC_ISA_USAGE = YES_ERROR;
				CLANG_WARN_DOCUMENTATION_COMMENTS = YES;
				CLANG_WARN_EMPTY_BODY = YES;
				CLANG_WARN_ENUM_CONVERSION = YES;
				CLANG_WARN_INFINITE_RECURSION = YES;
				CLANG_WARN_INT_CONVERSION = YES;
				CLANG_WARN_NON_LITERAL_NULL_CONVERSION = YES;
				CLANG_WARN_OBJC_IMPLICIT_RETAIN_SELF = YES;
				CLANG_WARN_OBJC_LITERAL_CONVERSION = YES;
				CLANG_WARN_OBJC_ROOT_CLASS = YES_ERROR;
				CLANG_WARN_QUOTED_INCLUDE_IN_FRAMEWORK_HEADER = YES;
				CLANG_WARN_RANGE_LOOP_ANALYSIS = YES;
				CLANG_WARN_STRICT_PROTOTYPES = YES;
				CLANG_WARN_SUSPICIOUS_MOVE = YES;
				CLANG_WARN_UNGUARDED_AVAILABILITY = YES_AGGRESSIVE;
				CLANG_WARN_UNREACHABLE_CODE = YES;
				CLANG_WARN__DUPLICATE_METHOD_MATCH = YES;
				COPY_PHASE_STRIP = NO;
				DEBUG_INFORMATION_FORMAT = "dwarf-with-dsym";
				ENABLE_NS_ASSERTIONS = NO;
				ENABLE_STRICT_OBJC_MSGSEND = YES;
				GCC_C_LANGUAGE_STANDARD = gnu11;
				GCC_NO_COMMON_BLOCKS = YES;
				GCC_WARN_64_TO_32_BIT_CONVERSION = YES;
				GCC_WARN_ABOUT_RETURN_TYPE = YES_ERROR;
				GCC_WARN_UNDECLARED_SELECTOR = YES;
				GCC_WARN_UNINITIALIZED_AUTOS = YES_AGGRESSIVE;
				GCC_WARN_UNUSED_FUNCTION = YES;
				GCC_WARN_UNUSED_VARIABLE = YES;
				IPHONEOS_DEPLOYMENT_TARGET = 14.4;
				MTL_ENABLE_DEBUG_INFO = NO;
				MTL_FAST_MATH = YES;
				SDKROOT = iphoneos;
				SWIFT_COMPILATION_MODE = wholemodule;
				SWIFT_OPTIMIZATION_LEVEL = "-O";
				VALIDATE_PRODUCT = YES;
			};
			name = Release;
		};
		FA0313A926F23B6500396639 /* Debug */ = {
			isa = XCBuildConfiguration;
			buildSettings = {
				ASSETCATALOG_COMPILER_APPICON_NAME = AppIcon;
				ASSETCATALOG_COMPILER_GLOBAL_ACCENT_COLOR_NAME = AccentColor;
				CODE_SIGN_STYLE = Automatic;
				INFOPLIST_FILE = MyAlbum/Info.plist;
				LD_RUNPATH_SEARCH_PATHS = (
					"$(inherited)",
					"@executable_path/Frameworks",
				);
				PRODUCT_BUNDLE_IDENTIFIER = LimYoungSun.MyAlbum;
				PRODUCT_NAME = "$(TARGET_NAME)";
				SWIFT_VERSION = 5.0;
				TARGETED_DEVICE_FAMILY = "1,2";
			};
			name = Debug;
		};
		FA0313AA26F23B6500396639 /* Release */ = {
			isa = XCBuildConfiguration;
			buildSettings = {
				ASSETCATALOG_COMPILER_APPICON_NAME = AppIcon;
				ASSETCATALOG_COMPILER_GLOBAL_ACCENT_COLOR_NAME = AccentColor;
				CODE_SIGN_STYLE = Automatic;
				INFOPLIST_FILE = MyAlbum/Info.plist;
				LD_RUNPATH_SEARCH_PATHS = (
					"$(inherited)",
					"@executable_path/Frameworks",
				);
				PRODUCT_BUNDLE_IDENTIFIER = LimYoungSun.MyAlbum;
				PRODUCT_NAME = "$(TARGET_NAME)";
				SWIFT_VERSION = 5.0;
				TARGETED_DEVICE_FAMILY = "1,2";
			};
			name = Release;
		};
/* End XCBuildConfiguration section */

/* Begin XCConfigurationList section */
		FA03138F26F23B6400396639 /* Build configuration list for PBXProject "MyAlbum" */ = {
			isa = XCConfigurationList;
			buildConfigurations = (
				FA0313A626F23B6500396639 /* Debug */,
				FA0313A726F23B6500396639 /* Release */,
			);
			defaultConfigurationIsVisible = 0;
			defaultConfigurationName = Release;
		};
		FA0313A826F23B6500396639 /* Build configuration list for PBXNativeTarget "MyAlbum" */ = {
			isa = XCConfigurationList;
			buildConfigurations = (
				FA0313A926F23B6500396639 /* Debug */,
				FA0313AA26F23B6500396639 /* Release */,
			);
			defaultConfigurationIsVisible = 0;
			defaultConfigurationName = Release;
		};
/* End XCConfigurationList section */
	};
	rootObject = FA03138C26F23B6400396639 /* Project object */;
}
